{
  "version": 4,
  "terraform_version": "1.2.8",
  "serial": 47,
  "lineage": "e72c2941-cf73-3516-a0de-42ec98c44151",
  "outputs": {
    "alb_security_group_arn": {
      "value": "arn:aws:ec2:us-east-1:216435170778:security-group/sg-0d628c3dbcc24d6a7",
      "type": "string"
    },
    "alb_security_group_id": {
      "value": "sg-0d628c3dbcc24d6a7",
      "type": "string"
    },
    "alb_security_group_name": {
      "value": "Divyansh-JGP-Prd-ALBSG-20220918095515814000000005",
      "type": "string"
    },
    "autoscaling_autoscaling_group_desired_capacity": {
      "value": 2,
      "type": "number"
    },
    "autoscaling_autoscaling_group_health_check_grace_period": {
      "value": 300,
      "type": "number"
    },
    "autoscaling_autoscaling_group_health_check_type": {
      "value": "EC2",
      "type": "string"
    },
    "autoscaling_autoscaling_group_max_size": {
      "value": 10,
      "type": "number"
    },
    "autoscaling_autoscaling_group_min_size": {
      "value": 2,
      "type": "number"
    },
    "autoscaling_autoscaling_group_name": {
      "value": "Divyansh-JGP-Prd-ASG",
      "type": "string"
    },
    "autoscaling_autoscaling_schedule_arns": {
      "value": {},
      "type": [
        "object",
        {}
      ]
    },
    "autoscaling_iam_instance_profile_arn": {
      "value": "arn:aws:iam::216435170778:instance-profile/ec2/Divyansh-JGP-Prd-ASGIAMRole-20220918095502010500000003",
      "type": "string"
    },
    "autoscaling_iam_instance_profile_id": {
      "value": "Divyansh-JGP-Prd-ASGIAMRole-20220918095502010500000003",
      "type": "string"
    },
    "autoscaling_iam_instance_profile_unique": {
      "value": "AIPATEZEKTXNJRC636EIQ",
      "type": "string"
    },
    "autoscaling_iam_role_arn": {
      "value": "arn:aws:iam::216435170778:role/ec2/Divyansh-JGP-Prd-ASGIAMRole-20220918095458782600000001",
      "type": "string"
    },
    "autoscaling_iam_role_name": {
      "value": "Divyansh-JGP-Prd-ASGIAMRole-20220918095458782600000001",
      "type": "string"
    },
    "autoscaling_iam_role_unique_id": {
      "value": "AROATEZEKTXNINEORAFUV",
      "type": "string"
    },
    "autoscaling_launch_template_arn": {
      "value": "arn:aws:ec2:us-east-1:216435170778:launch-template/lt-01427aa8df309d822",
      "type": "string"
    },
    "autoscaling_launch_template_default_version": {
      "value": 1,
      "type": "number"
    },
    "autoscaling_launch_template_id": {
      "value": "lt-01427aa8df309d822",
      "type": "string"
    },
    "autoscaling_launch_template_latest_version": {
      "value": 1,
      "type": "number"
    },
    "autoscaling_launch_template_name": {
      "value": "Divyansh-JGP-Prd-LaunchTemplate-20220918095521935500000009",
      "type": "string"
    },
    "aws_route53_zone_domain_name": {
      "value": "divyansh29033.tk",
      "type": "string"
    },
    "aws_route53_zone_domain_zone_id": {
      "value": "Z01729192RASO4XP08TP8",
      "type": "string"
    },
    "azs": {
      "value": [
        "us-east-1a",
        "us-east-1b"
      ],
      "type": [
        "list",
        "string"
      ]
    },
    "database_subnets": {
      "value": [
        "subnet-0bb7e15fab1272385",
        "subnet-03b22a643663c6536"
      ],
      "type": [
        "tuple",
        [
          "string",
          "string"
        ]
      ]
    },
    "lb_arn": {
      "value": "arn:aws:elasticloadbalancing:us-east-1:216435170778:loadbalancer/app/my-alb/add59564ccffe639",
      "type": "string"
    },
    "lb_dns_name": {
      "value": "my-alb-382247101.us-east-1.elb.amazonaws.com",
      "type": "string"
    },
    "lb_id": {
      "value": "arn:aws:elasticloadbalancing:us-east-1:216435170778:loadbalancer/app/my-alb/add59564ccffe639",
      "type": "string"
    },
    "lb_zone_id": {
      "value": "Z35SXDOTRQ7X7K",
      "type": "string"
    },
    "private_security_group_arn": {
      "value": "arn:aws:ec2:us-east-1:216435170778:security-group/sg-0378a14accb8cbc73",
      "type": "string"
    },
    "private_security_group_id": {
      "value": "sg-0378a14accb8cbc73",
      "type": "string"
    },
    "private_security_group_name": {
      "value": "Divyansh-JGP-Prd-PrivateSG-20220918095516063400000006",
      "type": "string"
    },
    "private_subnets": {
      "value": [
        "subnet-05a967d19a6f4c236",
        "subnet-03263fc9b99d93e8a"
      ],
      "type": [
        "tuple",
        [
          "string",
          "string"
        ]
      ]
    },
    "public_ec2_instance_arn": {
      "value": "arn:aws:ec2:us-east-1:216435170778:instance/i-0f8d2442ddfa723ab",
      "type": "string"
    },
    "public_ec2_instance_id": {
      "value": "i-0f8d2442ddfa723ab",
      "type": "string"
    },
    "public_ec2_instance_ip": {
      "value": "",
      "type": "string"
    },
    "public_security_group_arn": {
      "value": "arn:aws:ec2:us-east-1:216435170778:security-group/sg-05beaa36b2a7efc1f",
      "type": "string"
    },
    "public_security_group_id": {
      "value": "sg-05beaa36b2a7efc1f",
      "type": "string"
    },
    "public_security_group_name": {
      "value": "Divyansh-JGP-Prd-PublicSG-20220918095516223700000008",
      "type": "string"
    },
    "public_subnets": {
      "value": [
        "subnet-01866697ec6886a7a",
        "subnet-062d7915efe2bf3e7"
      ],
      "type": [
        "tuple",
        [
          "string",
          "string"
        ]
      ]
    },
    "service_linked_role_arn": {
      "value": "arn:aws:iam::216435170778:role/aws-service-role/autoscaling.amazonaws.com/AWSServiceRoleForAutoScaling_asg-",
      "type": "string"
    },
    "target_group_arn_suffixes": {
      "value": [
        "targetgroup/app1-20220918095516198000000007/01b8233b87e7fc48"
      ],
      "type": [
        "tuple",
        [
          "string"
        ]
      ]
    },
    "target_group_arns": {
      "value": [
        "arn:aws:elasticloadbalancing:us-east-1:216435170778:targetgroup/app1-20220918095516198000000007/01b8233b87e7fc48"
      ],
      "type": [
        "tuple",
        [
          "string"
        ]
      ]
    },
    "target_group_attachments": {
      "value": {},
      "type": [
        "object",
        {}
      ]
    },
    "target_group_names": {
      "value": [
        "app1-20220918095516198000000007"
      ],
      "type": [
        "tuple",
        [
          "string"
        ]
      ]
    },
    "vpc_arn": {
      "value": "arn:aws:ec2:us-east-1:216435170778:vpc/vpc-0885056e06351409e",
      "type": "string"
    },
    "vpc_cidr_block": {
      "value": "10.0.0.0/16",
      "type": "string"
    },
    "vpc_id": {
      "value": "vpc-0885056e06351409e",
      "type": "string"
    }
  },
  "resources": [
    {
      "mode": "data",
      "type": "aws_ami",
      "name": "amazonlinux2",
      "provider": "provider[\"registry.terraform.io/hashicorp/aws\"]",
      "instances": [
        {
          "schema_version": 0,
          "attributes": {
            "architecture": "x86_64",
            "arn": "arn:aws:ec2:us-east-1::image/ami-05fa00d4c63e32376",
            "block_device_mappings": [
              {
                "device_name": "/dev/xvda",
                "ebs": {
                  "delete_on_termination": "true",
                  "encrypted": "false",
                  "iops": "0",
                  "snapshot_id": "snap-0834d7afbcb68efb7",
                  "throughput": "0",
                  "volume_size": "8",
                  "volume_type": "gp2"
                },
                "no_device": "",
                "virtual_name": ""
              }
            ],
            "boot_mode": "",
            "creation_date": "2022-08-17T23:46:15.000Z",
            "deprecation_time": "2024-08-17T23:46:15.000Z",
            "description": "Amazon Linux 2 Kernel 5.10 AMI 2.0.20220805.0 x86_64 HVM gp2",
            "ena_support": true,
            "executable_users": null,
            "filter": [
              {
                "name": "architecture",
                "values": [
                  "x86_64"
                ]
              },
              {
                "name": "name",
                "values": [
                  "amzn2-ami-kernel-*-gp2"
                ]
              },
              {
                "name": "root-device-type",
                "values": [
                  "ebs"
                ]
              },
              {
                "name": "virtualization-type",
                "values": [
                  "hvm"
                ]
              }
            ],
            "hypervisor": "xen",
            "id": "ami-05fa00d4c63e32376",
            "image_id": "ami-05fa00d4c63e32376",
            "image_location": "amazon/amzn2-ami-kernel-5.10-hvm-2.0.20220805.0-x86_64-gp2",
            "image_owner_alias": "amazon",
            "image_type": "machine",
            "include_deprecated": false,
            "kernel_id": "",
            "most_recent": true,
            "name": "amzn2-ami-kernel-5.10-hvm-2.0.20220805.0-x86_64-gp2",
            "name_regex": null,
            "owner_id": "137112412989",
            "owners": [
              "amazon"
            ],
            "platform": "",
            "platform_details": "Linux/UNIX",
            "product_codes": [],
            "public": true,
            "ramdisk_id": "",
            "root_device_name": "/dev/xvda",
            "root_device_type": "ebs",
            "root_snapshot_id": "snap-0834d7afbcb68efb7",
            "sriov_net_support": "simple",
            "state": "available",
            "state_reason": {
              "code": "UNSET",
              "message": "UNSET"
            },
            "tags": {},
            "timeouts": null,
            "tpm_support": "",
            "usage_operation": "RunInstances",
            "virtualization_type": "hvm"
          },
          "sensitive_attributes": []
        }
      ]
    },
    {
      "mode": "data",
      "type": "aws_route53_zone",
      "name": "route53_zone",
      "provider": "provider[\"registry.terraform.io/hashicorp/aws\"]",
      "instances": [
        {
          "schema_version": 0,
          "attributes": {
            "arn": "arn:aws:route53:::hostedzone/Z01729192RASO4XP08TP8",
            "caller_reference": "152d4881-fba7-4706-ba7e-89f6b8f64a0f",
            "comment": "This is for terraform ",
            "id": "Z01729192RASO4XP08TP8",
            "linked_service_description": null,
            "linked_service_principal": null,
            "name": "divyansh29033.tk",
            "name_servers": [
              "ns-538.awsdns-03.net",
              "ns-1546.awsdns-01.co.uk",
              "ns-446.awsdns-55.com",
              "ns-1117.awsdns-11.org"
            ],
            "private_zone": false,
            "resource_record_set_count": 2,
            "tags": {},
            "vpc_id": null,
            "zone_id": "Z01729192RASO4XP08TP8"
          },
          "sensitive_attributes": []
        }
      ]
    },
    {
      "mode": "managed",
      "type": "aws_autoscaling_notification",
      "name": "asg_notification",
      "provider": "provider[\"registry.terraform.io/hashicorp/aws\"]",
      "instances": []
    },
    {
      "mode": "managed",
      "type": "aws_iam_service_linked_role",
      "name": "autoscaling",
      "provider": "provider[\"registry.terraform.io/hashicorp/aws\"]",
      "instances": [
        {
          "schema_version": 0,
          "attributes": {
            "arn": "arn:aws:iam::216435170778:role/aws-service-role/autoscaling.amazonaws.com/AWSServiceRoleForAutoScaling_asg-",
            "aws_service_name": "autoscaling.amazonaws.com",
            "create_date": "2022-09-18T09:55:00Z",
            "custom_suffix": "asg-",
            "description": "A service linked role for autoscaling",
            "id": "arn:aws:iam::216435170778:role/aws-service-role/autoscaling.amazonaws.com/AWSServiceRoleForAutoScaling_asg-",
            "name": "AWSServiceRoleForAutoScaling_asg-",
            "path": "/aws-service-role/autoscaling.amazonaws.com/",
            "tags": null,
            "tags_all": {},
            "unique_id": "AROATEZEKTXNNJINYIOFK"
          },
          "sensitive_attributes": [],
          "private": "bnVsbA==",
          "create_before_destroy": true
        }
      ]
    },
    {
      "mode": "managed",
      "type": "aws_sns_topic",
      "name": "asg_sns_topic",
      "provider": "provider[\"registry.terraform.io/hashicorp/aws\"]",
      "instances": [
        {
          "schema_version": 0,
          "attributes": {
            "application_failure_feedback_role_arn": "",
            "application_success_feedback_role_arn": "",
            "application_success_feedback_sample_rate": 0,
            "arn": "arn:aws:sns:us-east-1:216435170778:asg-sns-topic",
            "content_based_deduplication": false,
            "delivery_policy": "",
            "display_name": "",
            "fifo_topic": false,
            "firehose_failure_feedback_role_arn": "",
            "firehose_success_feedback_role_arn": "",
            "firehose_success_feedback_sample_rate": 0,
            "http_failure_feedback_role_arn": "",
            "http_success_feedback_role_arn": "",
            "http_success_feedback_sample_rate": 0,
            "id": "arn:aws:sns:us-east-1:216435170778:asg-sns-topic",
            "kms_master_key_id": "",
            "lambda_failure_feedback_role_arn": "",
            "lambda_success_feedback_role_arn": "",
            "lambda_success_feedback_sample_rate": 0,
            "name": "asg-sns-topic",
            "name_prefix": "",
            "owner": "216435170778",
            "policy": "{\"Version\":\"2008-10-17\",\"Id\":\"__default_policy_ID\",\"Statement\":[{\"Sid\":\"__default_statement_ID\",\"Effect\":\"Allow\",\"Principal\":{\"AWS\":\"*\"},\"Action\":[\"SNS:GetTopicAttributes\",\"SNS:SetTopicAttributes\",\"SNS:AddPermission\",\"SNS:RemovePermission\",\"SNS:DeleteTopic\",\"SNS:Subscribe\",\"SNS:ListSubscriptionsByTopic\",\"SNS:Publish\"],\"Resource\":\"arn:aws:sns:us-east-1:216435170778:asg-sns-topic\",\"Condition\":{\"StringEquals\":{\"AWS:SourceOwner\":\"216435170778\"}}}]}",
            "sqs_failure_feedback_role_arn": "",
            "sqs_success_feedback_role_arn": "",
            "sqs_success_feedback_sample_rate": 0,
            "tags": null,
            "tags_all": {}
          },
          "sensitive_attributes": [],
          "private": "bnVsbA=="
        }
      ]
    },
    {
      "mode": "managed",
      "type": "aws_sns_topic_subscription",
      "name": "terraform_asg_notification_subs",
      "provider": "provider[\"registry.terraform.io/hashicorp/aws\"]",
      "instances": [
        {
          "schema_version": 0,
          "attributes": {
            "arn": "arn:aws:sns:us-east-1:216435170778:asg-sns-topic:260e723f-2e61-42a0-8e9b-261ba69a775b",
            "confirmation_timeout_in_minutes": 1,
            "confirmation_was_authenticated": false,
            "delivery_policy": "",
            "endpoint": "divyanshjswl@gmail.com",
            "endpoint_auto_confirms": false,
            "filter_policy": "",
            "id": "arn:aws:sns:us-east-1:216435170778:asg-sns-topic:260e723f-2e61-42a0-8e9b-261ba69a775b",
            "owner_id": "216435170778",
            "pending_confirmation": true,
            "protocol": "email",
            "raw_message_delivery": false,
            "redrive_policy": "",
            "subscription_role_arn": "",
            "topic_arn": "arn:aws:sns:us-east-1:216435170778:asg-sns-topic"
          },
          "sensitive_attributes": [],
          "private": "bnVsbA==",
          "dependencies": [
            "aws_sns_topic.asg_sns_topic"
          ]
        }
      ]
    },
    {
      "module": "module.acm",
      "mode": "managed",
      "type": "aws_acm_certificate",
      "name": "this",
      "provider": "provider[\"registry.terraform.io/hashicorp/aws\"]",
      "instances": [
        {
          "index_key": 0,
          "schema_version": 0,
          "attributes": {
            "arn": "arn:aws:acm:us-east-1:216435170778:certificate/718b9b3d-42c7-4436-bd86-115ce9a85632",
            "certificate_authority_arn": "",
            "certificate_body": null,
            "certificate_chain": null,
            "domain_name": "divyansh29033.tk",
            "domain_validation_options": [
              {
                "domain_name": "*.divyansh29033.tk",
                "resource_record_name": "_2d61a71edf952d63ec82c52c7adca407.divyansh29033.tk.",
                "resource_record_type": "CNAME",
                "resource_record_value": "_1a010ba4d58992c24017ac5cb1f80851.rvctyfnwhz.acm-validations.aws."
              },
              {
                "domain_name": "divyansh29033.tk",
                "resource_record_name": "_2d61a71edf952d63ec82c52c7adca407.divyansh29033.tk.",
                "resource_record_type": "CNAME",
                "resource_record_value": "_1a010ba4d58992c24017ac5cb1f80851.rvctyfnwhz.acm-validations.aws."
              }
            ],
            "id": "arn:aws:acm:us-east-1:216435170778:certificate/718b9b3d-42c7-4436-bd86-115ce9a85632",
            "not_after": "",
            "not_before": "",
            "options": [
              {
                "certificate_transparency_logging_preference": "ENABLED"
              }
            ],
            "private_key": null,
            "status": "PENDING_VALIDATION",
            "subject_alternative_names": [
              "*.divyansh29033.tk",
              "divyansh29033.tk"
            ],
            "tags": {
              "Name": "divyansh29033.tk"
            },
            "tags_all": {
              "Name": "divyansh29033.tk"
            },
            "validation_emails": [],
            "validation_method": "DNS",
            "validation_option": []
          },
          "sensitive_attributes": [],
          "private": "bnVsbA==",
          "dependencies": [
            "data.aws_route53_zone.route53_zone"
          ],
          "create_before_destroy": true
        }
      ]
    },
    {
      "module": "module.acm",
      "mode": "managed",
      "type": "aws_acm_certificate_validation",
      "name": "this",
      "provider": "provider[\"registry.terraform.io/hashicorp/aws\"]",
      "instances": []
    },
    {
      "module": "module.acm",
      "mode": "managed",
      "type": "aws_route53_record",
      "name": "validation",
      "provider": "provider[\"registry.terraform.io/hashicorp/aws\"]",
      "instances": [
        {
          "index_key": 0,
          "schema_version": 2,
          "attributes": {
            "alias": [],
            "allow_overwrite": true,
            "failover_routing_policy": [],
            "fqdn": "_2d61a71edf952d63ec82c52c7adca407.divyansh29033.tk",
            "geolocation_routing_policy": [],
            "health_check_id": null,
            "id": "Z01729192RASO4XP08TP8__2d61a71edf952d63ec82c52c7adca407.divyansh29033.tk._CNAME",
            "latency_routing_policy": [],
            "multivalue_answer_routing_policy": null,
            "name": "_2d61a71edf952d63ec82c52c7adca407.divyansh29033.tk",
            "records": [
              "_1a010ba4d58992c24017ac5cb1f80851.rvctyfnwhz.acm-validations.aws."
            ],
            "set_identifier": null,
            "ttl": 60,
            "type": "CNAME",
            "weighted_routing_policy": [],
            "zone_id": "Z01729192RASO4XP08TP8"
          },
          "sensitive_attributes": [],
          "private": "eyJzY2hlbWFfdmVyc2lvbiI6IjIifQ==",
          "dependencies": [
            "data.aws_route53_zone.route53_zone",
            "module.acm.aws_acm_certificate.this"
          ]
        }
      ]
    },
    {
      "module": "module.alb",
      "mode": "managed",
      "type": "aws_lb",
      "name": "this",
      "provider": "provider[\"registry.terraform.io/hashicorp/aws\"]",
      "instances": [
        {
          "index_key": 0,
          "schema_version": 0,
          "attributes": {
            "access_logs": [
              {
                "bucket": "",
                "enabled": false,
                "prefix": ""
              }
            ],
            "arn": "arn:aws:elasticloadbalancing:us-east-1:216435170778:loadbalancer/app/my-alb/add59564ccffe639",
            "arn_suffix": "app/my-alb/add59564ccffe639",
            "customer_owned_ipv4_pool": "",
            "desync_mitigation_mode": "defensive",
            "dns_name": "my-alb-382247101.us-east-1.elb.amazonaws.com",
            "drop_invalid_header_fields": false,
            "enable_cross_zone_load_balancing": null,
            "enable_deletion_protection": false,
            "enable_http2": true,
            "enable_waf_fail_open": false,
            "id": "arn:aws:elasticloadbalancing:us-east-1:216435170778:loadbalancer/app/my-alb/add59564ccffe639",
            "idle_timeout": 60,
            "internal": false,
            "ip_address_type": "ipv4",
            "load_balancer_type": "application",
            "name": "my-alb",
            "name_prefix": null,
            "preserve_host_header": false,
            "security_groups": [
              "sg-0d628c3dbcc24d6a7"
            ],
            "subnet_mapping": [
              {
                "allocation_id": "",
                "ipv6_address": "",
                "outpost_id": "",
                "private_ipv4_address": "",
                "subnet_id": "subnet-01866697ec6886a7a"
              },
              {
                "allocation_id": "",
                "ipv6_address": "",
                "outpost_id": "",
                "private_ipv4_address": "",
                "subnet_id": "subnet-062d7915efe2bf3e7"
              }
            ],
            "subnets": [
              "subnet-01866697ec6886a7a",
              "subnet-062d7915efe2bf3e7"
            ],
            "tags": {
              "Division": "JGP",
              "Environment": "Prd",
              "Name": "my-alb",
              "Owner": "Divyansh"
            },
            "tags_all": {
              "Division": "JGP",
              "Environment": "Prd",
              "Name": "my-alb",
              "Owner": "Divyansh"
            },
            "timeouts": {
              "create": "10m",
              "delete": "10m",
              "update": "10m"
            },
            "vpc_id": "vpc-0885056e06351409e",
            "zone_id": "Z35SXDOTRQ7X7K"
          },
          "sensitive_attributes": [],
          "private": "eyJlMmJmYjczMC1lY2FhLTExZTYtOGY4OC0zNDM2M2JjN2M0YzAiOnsiY3JlYXRlIjo2MDAwMDAwMDAwMDAsImRlbGV0ZSI6NjAwMDAwMDAwMDAwLCJ1cGRhdGUiOjYwMDAwMDAwMDAwMH19",
          "dependencies": [
            "module.alb_security_group.aws_security_group.this",
            "module.alb_security_group.aws_security_group.this_name_prefix",
            "module.vpc.aws_subnet.public",
            "module.vpc.aws_vpc.this",
            "module.vpc.aws_vpc_ipv4_cidr_block_association.this"
          ]
        }
      ]
    },
    {
      "module": "module.alb",
      "mode": "managed",
      "type": "aws_lb_listener",
      "name": "frontend_http_tcp",
      "provider": "provider[\"registry.terraform.io/hashicorp/aws\"]",
      "instances": [
        {
          "index_key": 0,
          "schema_version": 0,
          "attributes": {
            "alpn_policy": null,
            "arn": "arn:aws:elasticloadbalancing:us-east-1:216435170778:listener/app/my-alb/add59564ccffe639/6e9d0c073a217cfd",
            "certificate_arn": null,
            "default_action": [
              {
                "authenticate_cognito": [],
                "authenticate_oidc": [],
                "fixed_response": [],
                "forward": [],
                "order": 1,
                "redirect": [
                  {
                    "host": "#{host}",
                    "path": "/#{path}",
                    "port": "443",
                    "protocol": "HTTPS",
                    "query": "#{query}",
                    "status_code": "HTTP_301"
                  }
                ],
                "target_group_arn": "",
                "type": "redirect"
              }
            ],
            "id": "arn:aws:elasticloadbalancing:us-east-1:216435170778:listener/app/my-alb/add59564ccffe639/6e9d0c073a217cfd",
            "load_balancer_arn": "arn:aws:elasticloadbalancing:us-east-1:216435170778:loadbalancer/app/my-alb/add59564ccffe639",
            "port": 80,
            "protocol": "HTTP",
            "ssl_policy": "",
            "tags": {
              "Division": "JGP",
              "Environment": "Prd",
              "Name": "Divyansh-JGP-Prd-ALB",
              "Owner": "Divyansh"
            },
            "tags_all": {
              "Division": "JGP",
              "Environment": "Prd",
              "Name": "Divyansh-JGP-Prd-ALB",
              "Owner": "Divyansh"
            },
            "timeouts": null
          },
          "sensitive_attributes": [],
          "private": "eyJlMmJmYjczMC1lY2FhLTExZTYtOGY4OC0zNDM2M2JjN2M0YzAiOnsicmVhZCI6NjAwMDAwMDAwMDAwfX0=",
          "dependencies": [
            "module.alb.aws_lb.this",
            "module.alb.aws_lb_target_group.main",
            "module.alb_security_group.aws_security_group.this",
            "module.alb_security_group.aws_security_group.this_name_prefix",
            "module.vpc.aws_subnet.public",
            "module.vpc.aws_vpc.this",
            "module.vpc.aws_vpc_ipv4_cidr_block_association.this"
          ]
        }
      ]
    },
    {
      "module": "module.alb",
      "mode": "managed",
      "type": "aws_lb_listener_rule",
      "name": "https_listener_rule",
      "provider": "provider[\"registry.terraform.io/hashicorp/aws\"]",
      "instances": []
    },
    {
      "module": "module.alb",
      "mode": "managed",
      "type": "aws_lb_target_group",
      "name": "main",
      "provider": "provider[\"registry.terraform.io/hashicorp/aws\"]",
      "instances": [
        {
          "index_key": 0,
          "schema_version": 0,
          "attributes": {
            "arn": "arn:aws:elasticloadbalancing:us-east-1:216435170778:targetgroup/app1-20220918095516198000000007/01b8233b87e7fc48",
            "arn_suffix": "targetgroup/app1-20220918095516198000000007/01b8233b87e7fc48",
            "connection_termination": false,
            "deregistration_delay": "10",
            "health_check": [
              {
                "enabled": true,
                "healthy_threshold": 3,
                "interval": 30,
                "matcher": "200-399",
                "path": "/app1/index.html",
                "port": "traffic-port",
                "protocol": "HTTP",
                "timeout": 6,
                "unhealthy_threshold": 3
              }
            ],
            "id": "arn:aws:elasticloadbalancing:us-east-1:216435170778:targetgroup/app1-20220918095516198000000007/01b8233b87e7fc48",
            "ip_address_type": null,
            "lambda_multi_value_headers_enabled": false,
            "load_balancing_algorithm_type": "round_robin",
            "name": "app1-20220918095516198000000007",
            "name_prefix": "app1-",
            "port": 80,
            "preserve_client_ip": null,
            "protocol": "HTTP",
            "protocol_version": "HTTP1",
            "proxy_protocol_v2": false,
            "slow_start": 0,
            "stickiness": [
              {
                "cookie_duration": 86400,
                "cookie_name": "",
                "enabled": false,
                "type": "lb_cookie"
              }
            ],
            "tags": {
              "Division": "JGP",
              "Environment": "Prd",
              "Name": "app1-",
              "Owner": "Divyansh"
            },
            "tags_all": {
              "Division": "JGP",
              "Environment": "Prd",
              "Name": "app1-",
              "Owner": "Divyansh"
            },
            "target_type": "instance",
            "vpc_id": "vpc-0885056e06351409e"
          },
          "sensitive_attributes": [],
          "private": "bnVsbA==",
          "dependencies": [
            "module.vpc.aws_vpc.this"
          ],
          "create_before_destroy": true
        }
      ]
    },
    {
      "module": "module.alb",
      "mode": "managed",
      "type": "aws_lb_target_group_attachment",
      "name": "this",
      "provider": "provider[\"registry.terraform.io/hashicorp/aws\"]",
      "instances": []
    },
    {
      "module": "module.alb_security_group",
      "mode": "managed",
      "type": "aws_security_group",
      "name": "this_name_prefix",
      "provider": "provider[\"registry.terraform.io/hashicorp/aws\"]",
      "instances": [
        {
          "index_key": 0,
          "schema_version": 1,
          "attributes": {
            "arn": "arn:aws:ec2:us-east-1:216435170778:security-group/sg-0d628c3dbcc24d6a7",
            "description": "Allow port 80 and 443 from everywhere",
            "egress": [],
            "id": "sg-0d628c3dbcc24d6a7",
            "ingress": [],
            "name": "Divyansh-JGP-Prd-ALBSG-20220918095515814000000005",
            "name_prefix": "Divyansh-JGP-Prd-ALBSG-",
            "owner_id": "216435170778",
            "revoke_rules_on_delete": false,
            "tags": {
              "Division": "JGP",
              "Environment": "Prd",
              "Name": "Divyansh-JGP-Prd-ALBSG",
              "Owner": "Divyansh"
            },
            "tags_all": {
              "Division": "JGP",
              "Environment": "Prd",
              "Name": "Divyansh-JGP-Prd-ALBSG",
              "Owner": "Divyansh"
            },
            "timeouts": {
              "create": "10m",
              "delete": "15m"
            },
            "vpc_id": "vpc-0885056e06351409e"
          },
          "sensitive_attributes": [],
          "private": "eyJlMmJmYjczMC1lY2FhLTExZTYtOGY4OC0zNDM2M2JjN2M0YzAiOnsiY3JlYXRlIjo2MDAwMDAwMDAwMDAsImRlbGV0ZSI6OTAwMDAwMDAwMDAwfSwic2NoZW1hX3ZlcnNpb24iOiIxIn0=",
          "dependencies": [
            "module.vpc.aws_vpc.this"
          ],
          "create_before_destroy": true
        }
      ]
    },
    {
      "module": "module.alb_security_group",
      "mode": "managed",
      "type": "aws_security_group_rule",
      "name": "egress_rules",
      "provider": "provider[\"registry.terraform.io/hashicorp/aws\"]",
      "instances": [
        {
          "index_key": 0,
          "schema_version": 2,
          "attributes": {
            "cidr_blocks": [
              "0.0.0.0/0"
            ],
            "description": "All protocols",
            "from_port": -1,
            "id": "sgrule-2807580102",
            "ipv6_cidr_blocks": [
              "::/0"
            ],
            "prefix_list_ids": [],
            "protocol": "-1",
            "security_group_id": "sg-0d628c3dbcc24d6a7",
            "self": false,
            "source_security_group_id": null,
            "timeouts": null,
            "to_port": -1,
            "type": "egress"
          },
          "sensitive_attributes": [],
          "private": "eyJlMmJmYjczMC1lY2FhLTExZTYtOGY4OC0zNDM2M2JjN2M0YzAiOnsiY3JlYXRlIjozMDAwMDAwMDAwMDB9LCJzY2hlbWFfdmVyc2lvbiI6IjIifQ==",
          "dependencies": [
            "module.alb_security_group.aws_security_group.this",
            "module.alb_security_group.aws_security_group.this_name_prefix",
            "module.vpc.aws_vpc.this"
          ]
        }
      ]
    },
    {
      "module": "module.alb_security_group",
      "mode": "managed",
      "type": "aws_security_group_rule",
      "name": "ingress_rules",
      "provider": "provider[\"registry.terraform.io/hashicorp/aws\"]",
      "instances": [
        {
          "index_key": 0,
          "schema_version": 2,
          "attributes": {
            "cidr_blocks": [
              "0.0.0.0/0"
            ],
            "description": "HTTP",
            "from_port": 80,
            "id": "sgrule-27330492",
            "ipv6_cidr_blocks": [],
            "prefix_list_ids": [],
            "protocol": "tcp",
            "security_group_id": "sg-0d628c3dbcc24d6a7",
            "self": false,
            "source_security_group_id": null,
            "timeouts": null,
            "to_port": 80,
            "type": "ingress"
          },
          "sensitive_attributes": [],
          "private": "eyJlMmJmYjczMC1lY2FhLTExZTYtOGY4OC0zNDM2M2JjN2M0YzAiOnsiY3JlYXRlIjozMDAwMDAwMDAwMDB9LCJzY2hlbWFfdmVyc2lvbiI6IjIifQ==",
          "dependencies": [
            "module.alb_security_group.aws_security_group.this",
            "module.alb_security_group.aws_security_group.this_name_prefix",
            "module.vpc.aws_vpc.this"
          ]
        },
        {
          "index_key": 1,
          "schema_version": 2,
          "attributes": {
            "cidr_blocks": [
              "0.0.0.0/0"
            ],
            "description": "HTTPS",
            "from_port": 443,
            "id": "sgrule-1882658628",
            "ipv6_cidr_blocks": [],
            "prefix_list_ids": [],
            "protocol": "tcp",
            "security_group_id": "sg-0d628c3dbcc24d6a7",
            "self": false,
            "source_security_group_id": null,
            "timeouts": null,
            "to_port": 443,
            "type": "ingress"
          },
          "sensitive_attributes": [],
          "private": "eyJlMmJmYjczMC1lY2FhLTExZTYtOGY4OC0zNDM2M2JjN2M0YzAiOnsiY3JlYXRlIjozMDAwMDAwMDAwMDB9LCJzY2hlbWFfdmVyc2lvbiI6IjIifQ==",
          "dependencies": [
            "module.alb_security_group.aws_security_group.this",
            "module.alb_security_group.aws_security_group.this_name_prefix",
            "module.vpc.aws_vpc.this"
          ]
        }
      ]
    },
    {
      "module": "module.autoscaling",
      "mode": "data",
      "type": "aws_default_tags",
      "name": "current",
      "provider": "provider[\"registry.terraform.io/hashicorp/aws\"]",
      "instances": [
        {
          "schema_version": 0,
          "attributes": {
            "id": "aws",
            "tags": {}
          },
          "sensitive_attributes": []
        }
      ]
    },
    {
      "module": "module.autoscaling",
      "mode": "data",
      "type": "aws_iam_policy_document",
      "name": "assume_role_policy",
      "provider": "provider[\"registry.terraform.io/hashicorp/aws\"]",
      "instances": [
        {
          "index_key": 0,
          "schema_version": 0,
          "attributes": {
            "id": "1256122602",
            "json": "{\n  \"Version\": \"2012-10-17\",\n  \"Statement\": [\n    {\n      \"Sid\": \"EC2AssumeRole\",\n      \"Effect\": \"Allow\",\n      \"Action\": \"sts:AssumeRole\",\n      \"Principal\": {\n        \"Service\": \"ec2.amazonaws.com\"\n      }\n    }\n  ]\n}",
            "override_json": null,
            "override_policy_documents": null,
            "policy_id": null,
            "source_json": null,
            "source_policy_documents": null,
            "statement": [
              {
                "actions": [
                  "sts:AssumeRole"
                ],
                "condition": [],
                "effect": "Allow",
                "not_actions": [],
                "not_principals": [],
                "not_resources": [],
                "principals": [
                  {
                    "identifiers": [
                      "ec2.amazonaws.com"
                    ],
                    "type": "Service"
                  }
                ],
                "resources": [],
                "sid": "EC2AssumeRole"
              }
            ],
            "version": "2012-10-17"
          },
          "sensitive_attributes": []
        }
      ]
    },
    {
      "module": "module.autoscaling",
      "mode": "data",
      "type": "aws_partition",
      "name": "current",
      "provider": "provider[\"registry.terraform.io/hashicorp/aws\"]",
      "instances": [
        {
          "schema_version": 0,
          "attributes": {
            "dns_suffix": "amazonaws.com",
            "id": "aws",
            "partition": "aws",
            "reverse_dns_prefix": "com.amazonaws"
          },
          "sensitive_attributes": []
        }
      ]
    },
    {
      "module": "module.autoscaling",
      "mode": "managed",
      "type": "aws_autoscaling_group",
      "name": "idc",
      "provider": "provider[\"registry.terraform.io/hashicorp/aws\"]",
      "instances": []
    },
    {
      "module": "module.autoscaling",
      "mode": "managed",
      "type": "aws_autoscaling_policy",
      "name": "this",
      "provider": "provider[\"registry.terraform.io/hashicorp/aws\"]",
      "instances": []
    },
    {
      "module": "module.autoscaling",
      "mode": "managed",
      "type": "aws_autoscaling_schedule",
      "name": "this",
      "provider": "provider[\"registry.terraform.io/hashicorp/aws\"]",
      "instances": []
    },
    {
      "module": "module.autoscaling",
      "mode": "managed",
      "type": "aws_iam_instance_profile",
      "name": "this",
      "provider": "provider[\"registry.terraform.io/hashicorp/aws\"]",
      "instances": [
        {
          "index_key": 0,
          "schema_version": 0,
          "attributes": {
            "arn": "arn:aws:iam::216435170778:instance-profile/ec2/Divyansh-JGP-Prd-ASGIAMRole-20220918095502010500000003",
            "create_date": "2022-09-18T09:55:02Z",
            "id": "Divyansh-JGP-Prd-ASGIAMRole-20220918095502010500000003",
            "name": "Divyansh-JGP-Prd-ASGIAMRole-20220918095502010500000003",
            "name_prefix": "Divyansh-JGP-Prd-ASGIAMRole-",
            "path": "/ec2/",
            "role": "Divyansh-JGP-Prd-ASGIAMRole-20220918095458782600000001",
            "tags": {
              "CustomIamRole": "Yes",
              "Division": "JGP",
              "Environment": "Prd",
              "Name": "Divyansh-JGP-Prd-LaunchTemplate",
              "Owner": "Divyansh"
            },
            "tags_all": {
              "CustomIamRole": "Yes",
              "Division": "JGP",
              "Environment": "Prd",
              "Name": "Divyansh-JGP-Prd-LaunchTemplate",
              "Owner": "Divyansh"
            },
            "unique_id": "AIPATEZEKTXNJRC636EIQ"
          },
          "sensitive_attributes": [],
          "private": "bnVsbA==",
          "dependencies": [
            "module.autoscaling.aws_iam_role.this",
            "module.autoscaling.data.aws_iam_policy_document.assume_role_policy"
          ],
          "create_before_destroy": true
        }
      ]
    },
    {
      "module": "module.autoscaling",
      "mode": "managed",
      "type": "aws_iam_role",
      "name": "this",
      "provider": "provider[\"registry.terraform.io/hashicorp/aws\"]",
      "instances": [
        {
          "index_key": 0,
          "schema_version": 0,
          "attributes": {
            "arn": "arn:aws:iam::216435170778:role/ec2/Divyansh-JGP-Prd-ASGIAMRole-20220918095458782600000001",
            "assume_role_policy": "{\"Statement\":[{\"Action\":\"sts:AssumeRole\",\"Effect\":\"Allow\",\"Principal\":{\"Service\":\"ec2.amazonaws.com\"},\"Sid\":\"EC2AssumeRole\"}],\"Version\":\"2012-10-17\"}",
            "create_date": "2022-09-18T09:55:00Z",
            "description": "IAM role for Autoscaling group",
            "force_detach_policies": true,
            "id": "Divyansh-JGP-Prd-ASGIAMRole-20220918095458782600000001",
            "inline_policy": [],
            "managed_policy_arns": [],
            "max_session_duration": 3600,
            "name": "Divyansh-JGP-Prd-ASGIAMRole-20220918095458782600000001",
            "name_prefix": "Divyansh-JGP-Prd-ASGIAMRole-",
            "path": "/ec2/",
            "permissions_boundary": null,
            "tags": {
              "CustomIamRole": "Yes",
              "Division": "JGP",
              "Environment": "Prd",
              "Name": "Divyansh-JGP-Prd-LaunchTemplate",
              "Owner": "Divyansh"
            },
            "tags_all": {
              "CustomIamRole": "Yes",
              "Division": "JGP",
              "Environment": "Prd",
              "Name": "Divyansh-JGP-Prd-LaunchTemplate",
              "Owner": "Divyansh"
            },
            "unique_id": "AROATEZEKTXNINEORAFUV"
          },
          "sensitive_attributes": [],
          "private": "bnVsbA==",
          "dependencies": [
            "module.autoscaling.data.aws_iam_policy_document.assume_role_policy"
          ],
          "create_before_destroy": true
        }
      ]
    },
    {
      "module": "module.autoscaling",
      "mode": "managed",
      "type": "aws_iam_role_policy_attachment",
      "name": "this",
      "provider": "provider[\"registry.terraform.io/hashicorp/aws\"]",
      "instances": [
        {
          "index_key": "AmazonSSMManagedInstanceCore",
          "schema_version": 0,
          "attributes": {
            "id": "Divyansh-JGP-Prd-ASGIAMRole-20220918095458782600000001-20220918095502313400000004",
            "policy_arn": "arn:aws:iam::aws:policy/AmazonSSMManagedInstanceCore",
            "role": "Divyansh-JGP-Prd-ASGIAMRole-20220918095458782600000001"
          },
          "sensitive_attributes": [],
          "private": "bnVsbA==",
          "dependencies": [
            "module.autoscaling.aws_iam_role.this",
            "module.autoscaling.data.aws_iam_policy_document.assume_role_policy"
          ]
        }
      ]
    },
    {
      "module": "module.autoscaling",
      "mode": "managed",
      "type": "aws_launch_template",
      "name": "this",
      "provider": "provider[\"registry.terraform.io/hashicorp/aws\"]",
      "instances": [
        {
          "index_key": 0,
          "schema_version": 0,
          "attributes": {
            "arn": "arn:aws:ec2:us-east-1:216435170778:launch-template/lt-01427aa8df309d822",
            "block_device_mappings": [
              {
                "device_name": "/dev/sda1",
                "ebs": [
                  {
                    "delete_on_termination": "true",
                    "encrypted": "true",
                    "iops": 0,
                    "kms_key_id": "",
                    "snapshot_id": "",
                    "throughput": 0,
                    "volume_size": 20,
                    "volume_type": "gp2"
                  }
                ],
                "no_device": "0",
                "virtual_name": ""
              }
            ],
            "capacity_reservation_specification": [],
            "cpu_options": [
              {
                "core_count": 1,
                "threads_per_core": 1
              }
            ],
            "credit_specification": [
              {
                "cpu_credits": "standard"
              }
            ],
            "default_version": 1,
            "description": "Launch template version 1.0",
            "disable_api_stop": false,
            "disable_api_termination": false,
            "ebs_optimized": "true",
            "elastic_gpu_specifications": [],
            "elastic_inference_accelerator": [],
            "enclave_options": [],
            "hibernation_options": [],
            "iam_instance_profile": [
              {
                "arn": "arn:aws:iam::216435170778:instance-profile/ec2/Divyansh-JGP-Prd-ASGIAMRole-20220918095502010500000003",
                "name": ""
              }
            ],
            "id": "lt-01427aa8df309d822",
            "image_id": "ami-05fa00d4c63e32376",
            "instance_initiated_shutdown_behavior": "",
            "instance_market_options": [
              {
                "market_type": "spot",
                "spot_options": []
              }
            ],
            "instance_requirements": [],
            "instance_type": "t2.micro",
            "kernel_id": "",
            "key_name": "",
            "latest_version": 1,
            "license_specification": [],
            "maintenance_options": [
              {
                "auto_recovery": "default"
              }
            ],
            "metadata_options": [
              {
                "http_endpoint": "enabled",
                "http_protocol_ipv6": "disabled",
                "http_put_response_hop_limit": 32,
                "http_tokens": "optional",
                "instance_metadata_tags": "enabled"
              }
            ],
            "monitoring": [
              {
                "enabled": true
              }
            ],
            "name": "Divyansh-JGP-Prd-LaunchTemplate-20220918095521935500000009",
            "name_prefix": "Divyansh-JGP-Prd-LaunchTemplate-",
            "network_interfaces": [
              {
                "associate_carrier_ip_address": "",
                "associate_public_ip_address": "",
                "delete_on_termination": "true",
                "description": "eth0",
                "device_index": 0,
                "interface_type": "",
                "ipv4_address_count": 0,
                "ipv4_addresses": null,
                "ipv4_prefix_count": 0,
                "ipv4_prefixes": null,
                "ipv6_address_count": 0,
                "ipv6_addresses": null,
                "ipv6_prefix_count": 0,
                "ipv6_prefixes": null,
                "network_card_index": 0,
                "network_interface_id": "",
                "private_ip_address": "",
                "security_groups": [
                  "sg-0378a14accb8cbc73"
                ],
                "subnet_id": ""
              }
            ],
            "placement": [],
            "private_dns_name_options": [],
            "ram_disk_id": "",
            "security_group_names": null,
            "tag_specifications": [
              {
                "resource_type": "instance",
                "tags": {
                  "Division": "JGP",
                  "Environment": "Prd",
                  "Name": "Divyansh-JGP-Prd-LaunchTemplate",
                  "Owner": "Divyansh",
                  "WhatAmI": "Instance"
                }
              },
              {
                "resource_type": "volume",
                "tags": {
                  "Division": "JGP",
                  "Environment": "Prd",
                  "Name": "Divyansh-JGP-Prd-LaunchTemplate",
                  "Owner": "Divyansh",
                  "WhatAmI": "Volume"
                }
              },
              {
                "resource_type": "spot-instances-request",
                "tags": {
                  "Division": "JGP",
                  "Environment": "Prd",
                  "Name": "Divyansh-JGP-Prd-LaunchTemplate",
                  "Owner": "Divyansh",
                  "WhatAmI": "SpotInstanceRequest"
                }
              }
            ],
            "tags": {
              "Division": "JGP",
              "Environment": "Prd",
              "Name": "Divyansh-JGP-Prd-LaunchTemplate",
              "Owner": "Divyansh"
            },
            "tags_all": {
              "Division": "JGP",
              "Environment": "Prd",
              "Name": "Divyansh-JGP-Prd-LaunchTemplate",
              "Owner": "Divyansh"
            },
            "update_default_version": true,
            "user_data": "IyEgL2Jpbi9iYXNoCiMgSW5zdGFuY2UgSWRlbnRpdHkgTWV0YWRhdGEgUmVmZXJlbmNlIC0gaHR0cHM6Ly9kb2NzLmF3cy5hbWF6b24uY29tL0FXU0VDMi9sYXRlc3QvVXNlckd1aWRlL2luc3RhbmNlLWlkZW50aXR5LWRvY3VtZW50cy5odG1sCnN1ZG8geXVtIHVwZGF0ZSAteQpzdWRvIHl1bSBpbnN0YWxsIC15IGh0dHBkCnN1ZG8gc3lzdGVtY3RsIGVuYWJsZSBodHRwZApzdWRvIHNlcnZpY2UgaHR0cGQgc3RhcnQgIApzdWRvIGVjaG8gJzxoMT5UaGlzIHdlYnNpdGUgaXMgY3JlYXRlZCBieSBEaXZ5YW5zaCB1c2luZyBUZXJyYWZvcm0gLSBBUFAxPC9oMT4nIHwgc3VkbyB0ZWUgL3Zhci93d3cvaHRtbC9pbmRleC5odG1sCnN1ZG8gbWtkaXIgL3Zhci93d3cvaHRtbC9hcHAxCnN1ZG8gZWNobyAnPCFET0NUWVBFIGh0bWw+IDxodG1sPiA8Ym9keSBzdHlsZT0iYmFja2dyb3VuZC1jb2xvcjpyZ2IoMjUwLCAyMTAsIDIxMCk7Ij4gPGgxPlRoaXMgd2Vic2l0ZSBpcyBjcmVhdGVkIGJ5IERpdnlhbnNoIHVzaW5nIFRlcnJhZm9ybSAtIEFQUDE8L2gxPiA8cD5UZXJyYWZvcm0gRGVtbzwvcD4gPHA+QXBwbGljYXRpb24gVmVyc2lvbjogVjE8L3A+IDwvYm9keT48L2h0bWw+JyB8IHN1ZG8gdGVlIC92YXIvd3d3L2h0bWwvYXBwMS9pbmRleC5odG1sCnN1ZG8gY3VybCBodHRwOi8vMTY5LjI1NC4xNjkuMjU0L2xhdGVzdC9keW5hbWljL2luc3RhbmNlLWlkZW50aXR5L2RvY3VtZW50IC1vIC92YXIvd3d3L2h0bWwvYXBwMS9tZXRhZGF0YS5odG1s",
            "vpc_security_group_ids": null
          },
          "sensitive_attributes": [],
          "private": "bnVsbA==",
          "dependencies": [
            "data.aws_ami.amazonlinux2",
            "module.autoscaling.aws_iam_instance_profile.this",
            "module.autoscaling.aws_iam_role.this",
            "module.autoscaling.data.aws_iam_policy_document.assume_role_policy",
            "module.private_security_group.aws_security_group.this",
            "module.private_security_group.aws_security_group.this_name_prefix",
            "module.vpc.aws_vpc.this"
          ],
          "create_before_destroy": true
        }
      ]
    },
    {
      "module": "module.private_security_group",
      "mode": "managed",
      "type": "aws_security_group",
      "name": "this_name_prefix",
      "provider": "provider[\"registry.terraform.io/hashicorp/aws\"]",
      "instances": [
        {
          "index_key": 0,
          "schema_version": 1,
          "attributes": {
            "arn": "arn:aws:ec2:us-east-1:216435170778:security-group/sg-0378a14accb8cbc73",
            "description": "Allow port 80 and 443 from vpc CIDR",
            "egress": [],
            "id": "sg-0378a14accb8cbc73",
            "ingress": [],
            "name": "Divyansh-JGP-Prd-PrivateSG-20220918095516063400000006",
            "name_prefix": "Divyansh-JGP-Prd-PrivateSG-",
            "owner_id": "216435170778",
            "revoke_rules_on_delete": false,
            "tags": {
              "Division": "JGP",
              "Environment": "Prd",
              "Name": "Divyansh-JGP-Prd-PrivateSG",
              "Owner": "Divyansh"
            },
            "tags_all": {
              "Division": "JGP",
              "Environment": "Prd",
              "Name": "Divyansh-JGP-Prd-PrivateSG",
              "Owner": "Divyansh"
            },
            "timeouts": {
              "create": "10m",
              "delete": "15m"
            },
            "vpc_id": "vpc-0885056e06351409e"
          },
          "sensitive_attributes": [],
          "private": "eyJlMmJmYjczMC1lY2FhLTExZTYtOGY4OC0zNDM2M2JjN2M0YzAiOnsiY3JlYXRlIjo2MDAwMDAwMDAwMDAsImRlbGV0ZSI6OTAwMDAwMDAwMDAwfSwic2NoZW1hX3ZlcnNpb24iOiIxIn0=",
          "dependencies": [
            "module.vpc.aws_vpc.this"
          ],
          "create_before_destroy": true
        }
      ]
    },
    {
      "module": "module.private_security_group",
      "mode": "managed",
      "type": "aws_security_group_rule",
      "name": "egress_rules",
      "provider": "provider[\"registry.terraform.io/hashicorp/aws\"]",
      "instances": [
        {
          "index_key": 0,
          "schema_version": 2,
          "attributes": {
            "cidr_blocks": [
              "0.0.0.0/0"
            ],
            "description": "All protocols",
            "from_port": -1,
            "id": "sgrule-1998613428",
            "ipv6_cidr_blocks": [
              "::/0"
            ],
            "prefix_list_ids": [],
            "protocol": "-1",
            "security_group_id": "sg-0378a14accb8cbc73",
            "self": false,
            "source_security_group_id": null,
            "timeouts": null,
            "to_port": -1,
            "type": "egress"
          },
          "sensitive_attributes": [],
          "private": "eyJlMmJmYjczMC1lY2FhLTExZTYtOGY4OC0zNDM2M2JjN2M0YzAiOnsiY3JlYXRlIjozMDAwMDAwMDAwMDB9LCJzY2hlbWFfdmVyc2lvbiI6IjIifQ==",
          "dependencies": [
            "module.private_security_group.aws_security_group.this",
            "module.private_security_group.aws_security_group.this_name_prefix",
            "module.vpc.aws_vpc.this"
          ]
        }
      ]
    },
    {
      "module": "module.private_security_group",
      "mode": "managed",
      "type": "aws_security_group_rule",
      "name": "ingress_rules",
      "provider": "provider[\"registry.terraform.io/hashicorp/aws\"]",
      "instances": [
        {
          "index_key": 0,
          "schema_version": 2,
          "attributes": {
            "cidr_blocks": [
              "10.0.0.0/16"
            ],
            "description": "HTTP",
            "from_port": 80,
            "id": "sgrule-3784379625",
            "ipv6_cidr_blocks": [],
            "prefix_list_ids": [],
            "protocol": "tcp",
            "security_group_id": "sg-0378a14accb8cbc73",
            "self": false,
            "source_security_group_id": null,
            "timeouts": null,
            "to_port": 80,
            "type": "ingress"
          },
          "sensitive_attributes": [],
          "private": "eyJlMmJmYjczMC1lY2FhLTExZTYtOGY4OC0zNDM2M2JjN2M0YzAiOnsiY3JlYXRlIjozMDAwMDAwMDAwMDB9LCJzY2hlbWFfdmVyc2lvbiI6IjIifQ==",
          "dependencies": [
            "module.private_security_group.aws_security_group.this",
            "module.private_security_group.aws_security_group.this_name_prefix",
            "module.vpc.aws_vpc.this"
          ]
        },
        {
          "index_key": 1,
          "schema_version": 2,
          "attributes": {
            "cidr_blocks": [
              "10.0.0.0/16"
            ],
            "description": "HTTPS",
            "from_port": 443,
            "id": "sgrule-2445354536",
            "ipv6_cidr_blocks": [],
            "prefix_list_ids": [],
            "protocol": "tcp",
            "security_group_id": "sg-0378a14accb8cbc73",
            "self": false,
            "source_security_group_id": null,
            "timeouts": null,
            "to_port": 443,
            "type": "ingress"
          },
          "sensitive_attributes": [],
          "private": "eyJlMmJmYjczMC1lY2FhLTExZTYtOGY4OC0zNDM2M2JjN2M0YzAiOnsiY3JlYXRlIjozMDAwMDAwMDAwMDB9LCJzY2hlbWFfdmVyc2lvbiI6IjIifQ==",
          "dependencies": [
            "module.private_security_group.aws_security_group.this",
            "module.private_security_group.aws_security_group.this_name_prefix",
            "module.vpc.aws_vpc.this"
          ]
        }
      ]
    },
    {
      "module": "module.public_ec2_instance",
      "mode": "managed",
      "type": "aws_instance",
      "name": "this",
      "provider": "provider[\"registry.terraform.io/hashicorp/aws\"]",
      "instances": [
        {
          "index_key": 0,
          "schema_version": 1,
          "attributes": {
            "ami": "ami-05fa00d4c63e32376",
            "arn": "arn:aws:ec2:us-east-1:216435170778:instance/i-0f8d2442ddfa723ab",
            "associate_public_ip_address": false,
            "availability_zone": "us-east-1a",
            "capacity_reservation_specification": [
              {
                "capacity_reservation_preference": "open",
                "capacity_reservation_target": []
              }
            ],
            "cpu_core_count": 1,
            "cpu_threads_per_core": 1,
            "credit_specification": [
              {
                "cpu_credits": "standard"
              }
            ],
            "disable_api_stop": false,
            "disable_api_termination": false,
            "ebs_block_device": [],
            "ebs_optimized": false,
            "enclave_options": [
              {
                "enabled": false
              }
            ],
            "ephemeral_block_device": [],
            "get_password_data": false,
            "hibernation": false,
            "host_id": null,
            "host_resource_group_arn": null,
            "iam_instance_profile": "",
            "id": "i-0f8d2442ddfa723ab",
            "instance_initiated_shutdown_behavior": "stop",
            "instance_state": "running",
            "instance_type": "t2.micro",
            "ipv6_address_count": 0,
            "ipv6_addresses": [],
            "key_name": "terraform-key",
            "launch_template": [],
            "maintenance_options": [
              {
                "auto_recovery": "default"
              }
            ],
            "metadata_options": [
              {
                "http_endpoint": "enabled",
                "http_put_response_hop_limit": 1,
                "http_tokens": "optional",
                "instance_metadata_tags": "disabled"
              }
            ],
            "monitoring": false,
            "network_interface": [],
            "outpost_arn": "",
            "password_data": "",
            "placement_group": "",
            "placement_partition_number": null,
            "primary_network_interface_id": "eni-0015f601e8bfe6114",
            "private_dns": "ip-10-0-1-189.ec2.internal",
            "private_dns_name_options": [
              {
                "enable_resource_name_dns_a_record": false,
                "enable_resource_name_dns_aaaa_record": false,
                "hostname_type": "ip-name"
              }
            ],
            "private_ip": "10.0.1.189",
            "public_dns": "",
            "public_ip": "",
            "root_block_device": [
              {
                "delete_on_termination": true,
                "device_name": "/dev/xvda",
                "encrypted": false,
                "iops": 100,
                "kms_key_id": "",
                "tags": {},
                "throughput": 0,
                "volume_id": "vol-038655b050bba86bf",
                "volume_size": 8,
                "volume_type": "gp2"
              }
            ],
            "secondary_private_ips": [],
            "security_groups": [],
            "source_dest_check": true,
            "subnet_id": "subnet-05a967d19a6f4c236",
            "tags": {
              "Division": "JGP",
              "Environment": "Prd",
              "Name": "Divyansh-JGP-Prd-BastionInstance",
              "Owner": "Divyansh"
            },
            "tags_all": {
              "Division": "JGP",
              "Environment": "Prd",
              "Name": "Divyansh-JGP-Prd-BastionInstance",
              "Owner": "Divyansh"
            },
            "tenancy": "default",
            "timeouts": {
              "create": null,
              "delete": null,
              "update": null
            },
            "user_data": null,
            "user_data_base64": null,
            "user_data_replace_on_change": false,
            "volume_tags": {
              "Name": "Divyansh-JGP-Prd-BastionInstance"
            },
            "vpc_security_group_ids": [
              "sg-05beaa36b2a7efc1f"
            ]
          },
          "sensitive_attributes": [],
          "private": "eyJlMmJmYjczMC1lY2FhLTExZTYtOGY4OC0zNDM2M2JjN2M0YzAiOnsiY3JlYXRlIjo2MDAwMDAwMDAwMDAsImRlbGV0ZSI6MTIwMDAwMDAwMDAwMCwidXBkYXRlIjo2MDAwMDAwMDAwMDB9LCJzY2hlbWFfdmVyc2lvbiI6IjEifQ==",
          "dependencies": [
            "data.aws_ami.amazonlinux2",
            "module.public_security_group.aws_security_group.this",
            "module.public_security_group.aws_security_group.this_name_prefix",
            "module.vpc.aws_subnet.private",
            "module.vpc.aws_vpc.this",
            "module.vpc.aws_vpc_ipv4_cidr_block_association.this"
          ]
        }
      ]
    },
    {
      "module": "module.public_security_group",
      "mode": "managed",
      "type": "aws_security_group",
      "name": "this_name_prefix",
      "provider": "provider[\"registry.terraform.io/hashicorp/aws\"]",
      "instances": [
        {
          "index_key": 0,
          "schema_version": 1,
          "attributes": {
            "arn": "arn:aws:ec2:us-east-1:216435170778:security-group/sg-05beaa36b2a7efc1f",
            "description": "Allow port 22 from internet",
            "egress": [],
            "id": "sg-05beaa36b2a7efc1f",
            "ingress": [],
            "name": "Divyansh-JGP-Prd-PublicSG-20220918095516223700000008",
            "name_prefix": "Divyansh-JGP-Prd-PublicSG-",
            "owner_id": "216435170778",
            "revoke_rules_on_delete": false,
            "tags": {
              "Division": "JGP",
              "Environment": "Prd",
              "Name": "Divyansh-JGP-Prd-PublicSG",
              "Owner": "Divyansh"
            },
            "tags_all": {
              "Division": "JGP",
              "Environment": "Prd",
              "Name": "Divyansh-JGP-Prd-PublicSG",
              "Owner": "Divyansh"
            },
            "timeouts": {
              "create": "10m",
              "delete": "15m"
            },
            "vpc_id": "vpc-0885056e06351409e"
          },
          "sensitive_attributes": [],
          "private": "eyJlMmJmYjczMC1lY2FhLTExZTYtOGY4OC0zNDM2M2JjN2M0YzAiOnsiY3JlYXRlIjo2MDAwMDAwMDAwMDAsImRlbGV0ZSI6OTAwMDAwMDAwMDAwfSwic2NoZW1hX3ZlcnNpb24iOiIxIn0=",
          "dependencies": [
            "module.vpc.aws_vpc.this"
          ],
          "create_before_destroy": true
        }
      ]
    },
    {
      "module": "module.public_security_group",
      "mode": "managed",
      "type": "aws_security_group_rule",
      "name": "egress_rules",
      "provider": "provider[\"registry.terraform.io/hashicorp/aws\"]",
      "instances": [
        {
          "index_key": 0,
          "schema_version": 2,
          "attributes": {
            "cidr_blocks": [
              "0.0.0.0/0"
            ],
            "description": "All protocols",
            "from_port": -1,
            "id": "sgrule-1254660836",
            "ipv6_cidr_blocks": [
              "::/0"
            ],
            "prefix_list_ids": [],
            "protocol": "-1",
            "security_group_id": "sg-05beaa36b2a7efc1f",
            "self": false,
            "source_security_group_id": null,
            "timeouts": null,
            "to_port": -1,
            "type": "egress"
          },
          "sensitive_attributes": [],
          "private": "eyJlMmJmYjczMC1lY2FhLTExZTYtOGY4OC0zNDM2M2JjN2M0YzAiOnsiY3JlYXRlIjozMDAwMDAwMDAwMDB9LCJzY2hlbWFfdmVyc2lvbiI6IjIifQ==",
          "dependencies": [
            "module.public_security_group.aws_security_group.this",
            "module.public_security_group.aws_security_group.this_name_prefix",
            "module.vpc.aws_vpc.this"
          ]
        }
      ]
    },
    {
      "module": "module.public_security_group",
      "mode": "managed",
      "type": "aws_security_group_rule",
      "name": "ingress_rules",
      "provider": "provider[\"registry.terraform.io/hashicorp/aws\"]",
      "instances": [
        {
          "index_key": 0,
          "schema_version": 2,
          "attributes": {
            "cidr_blocks": [
              "0.0.0.0/0"
            ],
            "description": "SSH",
            "from_port": 22,
            "id": "sgrule-2051900158",
            "ipv6_cidr_blocks": [],
            "prefix_list_ids": [],
            "protocol": "tcp",
            "security_group_id": "sg-05beaa36b2a7efc1f",
            "self": false,
            "source_security_group_id": null,
            "timeouts": null,
            "to_port": 22,
            "type": "ingress"
          },
          "sensitive_attributes": [],
          "private": "eyJlMmJmYjczMC1lY2FhLTExZTYtOGY4OC0zNDM2M2JjN2M0YzAiOnsiY3JlYXRlIjozMDAwMDAwMDAwMDB9LCJzY2hlbWFfdmVyc2lvbiI6IjIifQ==",
          "dependencies": [
            "module.public_security_group.aws_security_group.this",
            "module.public_security_group.aws_security_group.this_name_prefix",
            "module.vpc.aws_vpc.this"
          ]
        }
      ]
    },
    {
      "module": "module.vpc",
      "mode": "managed",
      "type": "aws_db_subnet_group",
      "name": "database",
      "provider": "provider[\"registry.terraform.io/hashicorp/aws\"]",
      "instances": [
        {
          "index_key": 0,
          "schema_version": 0,
          "attributes": {
            "arn": "arn:aws:rds:us-east-1:216435170778:subgrp:divyansh-jgp-prd-vpc",
            "description": "Database subnet group for Divyansh-JGP-Prd-VPC",
            "id": "divyansh-jgp-prd-vpc",
            "name": "divyansh-jgp-prd-vpc",
            "name_prefix": "",
            "subnet_ids": [
              "subnet-03b22a643663c6536",
              "subnet-0bb7e15fab1272385"
            ],
            "supported_network_types": [
              "IPV4"
            ],
            "tags": {
              "Division": "JGP",
              "Environment": "Prd",
              "Name": "Divyansh-JGP-Prd-VPC",
              "Owner": "Divyansh"
            },
            "tags_all": {
              "Division": "JGP",
              "Environment": "Prd",
              "Name": "Divyansh-JGP-Prd-VPC",
              "Owner": "Divyansh"
            }
          },
          "sensitive_attributes": [],
          "private": "bnVsbA==",
          "dependencies": [
            "module.vpc.aws_subnet.database",
            "module.vpc.aws_vpc.this",
            "module.vpc.aws_vpc_ipv4_cidr_block_association.this"
          ]
        }
      ]
    },
    {
      "module": "module.vpc",
      "mode": "managed",
      "type": "aws_eip",
      "name": "nat",
      "provider": "provider[\"registry.terraform.io/hashicorp/aws\"]",
      "instances": [
        {
          "index_key": 0,
          "schema_version": 0,
          "attributes": {
            "address": null,
            "allocation_id": "eipalloc-0fe0c88ee8571010a",
            "associate_with_private_ip": null,
            "association_id": "",
            "carrier_ip": "",
            "customer_owned_ip": "",
            "customer_owned_ipv4_pool": "",
            "domain": "vpc",
            "id": "eipalloc-0fe0c88ee8571010a",
            "instance": "",
            "network_border_group": "us-east-1",
            "network_interface": "",
            "private_dns": null,
            "private_ip": "",
            "public_dns": "ec2-54-225-117-132.compute-1.amazonaws.com",
            "public_ip": "54.225.117.132",
            "public_ipv4_pool": "amazon",
            "tags": {
              "Division": "JGP",
              "Environment": "Prd",
              "Name": "Divyansh-JGP-Prd-VPC",
              "Owner": "Divyansh"
            },
            "tags_all": {
              "Division": "JGP",
              "Environment": "Prd",
              "Name": "Divyansh-JGP-Prd-VPC",
              "Owner": "Divyansh"
            },
            "timeouts": null,
            "vpc": true
          },
          "sensitive_attributes": [],
          "private": "eyJlMmJmYjczMC1lY2FhLTExZTYtOGY4OC0zNDM2M2JjN2M0YzAiOnsiZGVsZXRlIjoxODAwMDAwMDAwMDAsInJlYWQiOjkwMDAwMDAwMDAwMCwidXBkYXRlIjozMDAwMDAwMDAwMDB9fQ=="
        }
      ]
    },
    {
      "module": "module.vpc",
      "mode": "managed",
      "type": "aws_internet_gateway",
      "name": "this",
      "provider": "provider[\"registry.terraform.io/hashicorp/aws\"]",
      "instances": [
        {
          "index_key": 0,
          "schema_version": 0,
          "attributes": {
            "arn": "arn:aws:ec2:us-east-1:216435170778:internet-gateway/igw-04ad33251c901e0f0",
            "id": "igw-04ad33251c901e0f0",
            "owner_id": "216435170778",
            "tags": {
              "Division": "JGP",
              "Environment": "Prd",
              "Name": "Divyansh-JGP-Prd-VPC",
              "Owner": "Divyansh"
            },
            "tags_all": {
              "Division": "JGP",
              "Environment": "Prd",
              "Name": "Divyansh-JGP-Prd-VPC",
              "Owner": "Divyansh"
            },
            "timeouts": null,
            "vpc_id": "vpc-0885056e06351409e"
          },
          "sensitive_attributes": [],
          "private": "eyJlMmJmYjczMC1lY2FhLTExZTYtOGY4OC0zNDM2M2JjN2M0YzAiOnsiY3JlYXRlIjoxMjAwMDAwMDAwMDAwLCJkZWxldGUiOjEyMDAwMDAwMDAwMDAsInVwZGF0ZSI6MTIwMDAwMDAwMDAwMH19",
          "dependencies": [
            "module.vpc.aws_vpc.this",
            "module.vpc.aws_vpc_ipv4_cidr_block_association.this"
          ]
        }
      ]
    },
    {
      "module": "module.vpc",
      "mode": "managed",
      "type": "aws_nat_gateway",
      "name": "this",
      "provider": "provider[\"registry.terraform.io/hashicorp/aws\"]",
      "instances": [
        {
          "index_key": 0,
          "schema_version": 0,
          "attributes": {
            "allocation_id": "eipalloc-0fe0c88ee8571010a",
            "connectivity_type": "public",
            "id": "nat-04c8813d46f545834",
            "network_interface_id": "eni-00f295f4e3c869988",
            "private_ip": "10.0.101.248",
            "public_ip": "54.225.117.132",
            "subnet_id": "subnet-01866697ec6886a7a",
            "tags": {
              "Division": "JGP",
              "Environment": "Prd",
              "Name": "Divyansh-JGP-Prd-VPC",
              "Owner": "Divyansh"
            },
            "tags_all": {
              "Division": "JGP",
              "Environment": "Prd",
              "Name": "Divyansh-JGP-Prd-VPC",
              "Owner": "Divyansh"
            }
          },
          "sensitive_attributes": [],
          "private": "bnVsbA==",
          "dependencies": [
            "module.vpc.aws_eip.nat",
            "module.vpc.aws_internet_gateway.this",
            "module.vpc.aws_subnet.public",
            "module.vpc.aws_vpc.this",
            "module.vpc.aws_vpc_ipv4_cidr_block_association.this"
          ]
        }
      ]
    },
    {
      "module": "module.vpc",
      "mode": "managed",
      "type": "aws_route",
      "name": "private_nat_gateway",
      "provider": "provider[\"registry.terraform.io/hashicorp/aws\"]",
      "instances": [
        {
          "index_key": 0,
          "schema_version": 0,
          "attributes": {
            "carrier_gateway_id": "",
            "core_network_arn": "",
            "destination_cidr_block": "0.0.0.0/0",
            "destination_ipv6_cidr_block": "",
            "destination_prefix_list_id": "",
            "egress_only_gateway_id": "",
            "gateway_id": "",
            "id": "r-rtb-05cf6f33533d977a51080289494",
            "instance_id": "",
            "instance_owner_id": "",
            "local_gateway_id": "",
            "nat_gateway_id": "nat-04c8813d46f545834",
            "network_interface_id": "",
            "origin": "CreateRoute",
            "route_table_id": "rtb-05cf6f33533d977a5",
            "state": "active",
            "timeouts": {
              "create": "5m",
              "delete": null,
              "update": null
            },
            "transit_gateway_id": "",
            "vpc_endpoint_id": "",
            "vpc_peering_connection_id": ""
          },
          "sensitive_attributes": [],
          "private": "eyJlMmJmYjczMC1lY2FhLTExZTYtOGY4OC0zNDM2M2JjN2M0YzAiOnsiY3JlYXRlIjozMDAwMDAwMDAwMDAsImRlbGV0ZSI6MzAwMDAwMDAwMDAwLCJ1cGRhdGUiOjEyMDAwMDAwMDAwMH19",
          "dependencies": [
            "module.vpc.aws_eip.nat",
            "module.vpc.aws_internet_gateway.this",
            "module.vpc.aws_nat_gateway.this",
            "module.vpc.aws_route_table.private",
            "module.vpc.aws_subnet.public",
            "module.vpc.aws_vpc.this",
            "module.vpc.aws_vpc_ipv4_cidr_block_association.this"
          ]
        }
      ]
    },
    {
      "module": "module.vpc",
      "mode": "managed",
      "type": "aws_route",
      "name": "public_internet_gateway",
      "provider": "provider[\"registry.terraform.io/hashicorp/aws\"]",
      "instances": [
        {
          "index_key": 0,
          "schema_version": 0,
          "attributes": {
            "carrier_gateway_id": "",
            "core_network_arn": "",
            "destination_cidr_block": "0.0.0.0/0",
            "destination_ipv6_cidr_block": "",
            "destination_prefix_list_id": "",
            "egress_only_gateway_id": "",
            "gateway_id": "igw-04ad33251c901e0f0",
            "id": "r-rtb-045daf9f256aeaaa71080289494",
            "instance_id": "",
            "instance_owner_id": "",
            "local_gateway_id": "",
            "nat_gateway_id": "",
            "network_interface_id": "",
            "origin": "CreateRoute",
            "route_table_id": "rtb-045daf9f256aeaaa7",
            "state": "active",
            "timeouts": {
              "create": "5m",
              "delete": null,
              "update": null
            },
            "transit_gateway_id": "",
            "vpc_endpoint_id": "",
            "vpc_peering_connection_id": ""
          },
          "sensitive_attributes": [],
          "private": "eyJlMmJmYjczMC1lY2FhLTExZTYtOGY4OC0zNDM2M2JjN2M0YzAiOnsiY3JlYXRlIjozMDAwMDAwMDAwMDAsImRlbGV0ZSI6MzAwMDAwMDAwMDAwLCJ1cGRhdGUiOjEyMDAwMDAwMDAwMH19",
          "dependencies": [
            "module.vpc.aws_internet_gateway.this",
            "module.vpc.aws_route_table.public",
            "module.vpc.aws_vpc.this",
            "module.vpc.aws_vpc_ipv4_cidr_block_association.this"
          ]
        }
      ]
    },
    {
      "module": "module.vpc",
      "mode": "managed",
      "type": "aws_route_table",
      "name": "database",
      "provider": "provider[\"registry.terraform.io/hashicorp/aws\"]",
      "instances": [
        {
          "index_key": 0,
          "schema_version": 0,
          "attributes": {
            "arn": "arn:aws:ec2:us-east-1:216435170778:route-table/rtb-06346aed17d746a7c",
            "id": "rtb-06346aed17d746a7c",
            "owner_id": "216435170778",
            "propagating_vgws": [],
            "route": [],
            "tags": {
              "Division": "JGP",
              "Environment": "Prd",
              "Name": "Divyansh-JGP-Prd-VPC",
              "Owner": "Divyansh"
            },
            "tags_all": {
              "Division": "JGP",
              "Environment": "Prd",
              "Name": "Divyansh-JGP-Prd-VPC",
              "Owner": "Divyansh"
            },
            "timeouts": null,
            "vpc_id": "vpc-0885056e06351409e"
          },
          "sensitive_attributes": [],
          "private": "eyJlMmJmYjczMC1lY2FhLTExZTYtOGY4OC0zNDM2M2JjN2M0YzAiOnsiY3JlYXRlIjozMDAwMDAwMDAwMDAsImRlbGV0ZSI6MzAwMDAwMDAwMDAwLCJ1cGRhdGUiOjEyMDAwMDAwMDAwMH19",
          "dependencies": [
            "module.vpc.aws_vpc.this",
            "module.vpc.aws_vpc_ipv4_cidr_block_association.this"
          ]
        }
      ]
    },
    {
      "module": "module.vpc",
      "mode": "managed",
      "type": "aws_route_table",
      "name": "private",
      "provider": "provider[\"registry.terraform.io/hashicorp/aws\"]",
      "instances": [
        {
          "index_key": 0,
          "schema_version": 0,
          "attributes": {
            "arn": "arn:aws:ec2:us-east-1:216435170778:route-table/rtb-05cf6f33533d977a5",
            "id": "rtb-05cf6f33533d977a5",
            "owner_id": "216435170778",
            "propagating_vgws": [],
            "route": [],
            "tags": {
              "Division": "JGP",
              "Environment": "Prd",
              "Name": "Divyansh-JGP-Prd-VPC",
              "Owner": "Divyansh"
            },
            "tags_all": {
              "Division": "JGP",
              "Environment": "Prd",
              "Name": "Divyansh-JGP-Prd-VPC",
              "Owner": "Divyansh"
            },
            "timeouts": null,
            "vpc_id": "vpc-0885056e06351409e"
          },
          "sensitive_attributes": [],
          "private": "eyJlMmJmYjczMC1lY2FhLTExZTYtOGY4OC0zNDM2M2JjN2M0YzAiOnsiY3JlYXRlIjozMDAwMDAwMDAwMDAsImRlbGV0ZSI6MzAwMDAwMDAwMDAwLCJ1cGRhdGUiOjEyMDAwMDAwMDAwMH19",
          "dependencies": [
            "module.vpc.aws_vpc.this",
            "module.vpc.aws_vpc_ipv4_cidr_block_association.this"
          ]
        }
      ]
    },
    {
      "module": "module.vpc",
      "mode": "managed",
      "type": "aws_route_table",
      "name": "public",
      "provider": "provider[\"registry.terraform.io/hashicorp/aws\"]",
      "instances": [
        {
          "index_key": 0,
          "schema_version": 0,
          "attributes": {
            "arn": "arn:aws:ec2:us-east-1:216435170778:route-table/rtb-045daf9f256aeaaa7",
            "id": "rtb-045daf9f256aeaaa7",
            "owner_id": "216435170778",
            "propagating_vgws": [],
            "route": [],
            "tags": {
              "Division": "JGP",
              "Environment": "Prd",
              "Name": "Divyansh-JGP-Prd-VPC",
              "Owner": "Divyansh"
            },
            "tags_all": {
              "Division": "JGP",
              "Environment": "Prd",
              "Name": "Divyansh-JGP-Prd-VPC",
              "Owner": "Divyansh"
            },
            "timeouts": null,
            "vpc_id": "vpc-0885056e06351409e"
          },
          "sensitive_attributes": [],
          "private": "eyJlMmJmYjczMC1lY2FhLTExZTYtOGY4OC0zNDM2M2JjN2M0YzAiOnsiY3JlYXRlIjozMDAwMDAwMDAwMDAsImRlbGV0ZSI6MzAwMDAwMDAwMDAwLCJ1cGRhdGUiOjEyMDAwMDAwMDAwMH19",
          "dependencies": [
            "module.vpc.aws_vpc.this",
            "module.vpc.aws_vpc_ipv4_cidr_block_association.this"
          ]
        }
      ]
    },
    {
      "module": "module.vpc",
      "mode": "managed",
      "type": "aws_route_table_association",
      "name": "database",
      "provider": "provider[\"registry.terraform.io/hashicorp/aws\"]",
      "instances": [
        {
          "index_key": 0,
          "schema_version": 0,
          "attributes": {
            "gateway_id": "",
            "id": "rtbassoc-00fa788c1ef25508e",
            "route_table_id": "rtb-06346aed17d746a7c",
            "subnet_id": "subnet-0bb7e15fab1272385"
          },
          "sensitive_attributes": [],
          "private": "bnVsbA==",
          "dependencies": [
            "module.vpc.aws_route_table.database",
            "module.vpc.aws_route_table.private",
            "module.vpc.aws_subnet.database",
            "module.vpc.aws_vpc.this",
            "module.vpc.aws_vpc_ipv4_cidr_block_association.this"
          ]
        },
        {
          "index_key": 1,
          "schema_version": 0,
          "attributes": {
            "gateway_id": "",
            "id": "rtbassoc-02f4eaaf277e43d7e",
            "route_table_id": "rtb-06346aed17d746a7c",
            "subnet_id": "subnet-03b22a643663c6536"
          },
          "sensitive_attributes": [],
          "private": "bnVsbA==",
          "dependencies": [
            "module.vpc.aws_route_table.database",
            "module.vpc.aws_route_table.private",
            "module.vpc.aws_subnet.database",
            "module.vpc.aws_vpc.this",
            "module.vpc.aws_vpc_ipv4_cidr_block_association.this"
          ]
        }
      ]
    },
    {
      "module": "module.vpc",
      "mode": "managed",
      "type": "aws_route_table_association",
      "name": "private",
      "provider": "provider[\"registry.terraform.io/hashicorp/aws\"]",
      "instances": [
        {
          "index_key": 0,
          "schema_version": 0,
          "attributes": {
            "gateway_id": "",
            "id": "rtbassoc-014b9f9cf548718df",
            "route_table_id": "rtb-05cf6f33533d977a5",
            "subnet_id": "subnet-05a967d19a6f4c236"
          },
          "sensitive_attributes": [],
          "private": "bnVsbA==",
          "dependencies": [
            "module.vpc.aws_route_table.private",
            "module.vpc.aws_subnet.private",
            "module.vpc.aws_vpc.this",
            "module.vpc.aws_vpc_ipv4_cidr_block_association.this"
          ]
        },
        {
          "index_key": 1,
          "schema_version": 0,
          "attributes": {
            "gateway_id": "",
            "id": "rtbassoc-00bd921dc9e014970",
            "route_table_id": "rtb-05cf6f33533d977a5",
            "subnet_id": "subnet-03263fc9b99d93e8a"
          },
          "sensitive_attributes": [],
          "private": "bnVsbA==",
          "dependencies": [
            "module.vpc.aws_route_table.private",
            "module.vpc.aws_subnet.private",
            "module.vpc.aws_vpc.this",
            "module.vpc.aws_vpc_ipv4_cidr_block_association.this"
          ]
        }
      ]
    },
    {
      "module": "module.vpc",
      "mode": "managed",
      "type": "aws_route_table_association",
      "name": "public",
      "provider": "provider[\"registry.terraform.io/hashicorp/aws\"]",
      "instances": [
        {
          "index_key": 0,
          "schema_version": 0,
          "attributes": {
            "gateway_id": "",
            "id": "rtbassoc-092ed04c62665605a",
            "route_table_id": "rtb-045daf9f256aeaaa7",
            "subnet_id": "subnet-01866697ec6886a7a"
          },
          "sensitive_attributes": [],
          "private": "bnVsbA==",
          "dependencies": [
            "module.vpc.aws_route_table.public",
            "module.vpc.aws_subnet.public",
            "module.vpc.aws_vpc.this",
            "module.vpc.aws_vpc_ipv4_cidr_block_association.this"
          ]
        },
        {
          "index_key": 1,
          "schema_version": 0,
          "attributes": {
            "gateway_id": "",
            "id": "rtbassoc-04bd391e55e7e45af",
            "route_table_id": "rtb-045daf9f256aeaaa7",
            "subnet_id": "subnet-062d7915efe2bf3e7"
          },
          "sensitive_attributes": [],
          "private": "bnVsbA==",
          "dependencies": [
            "module.vpc.aws_route_table.public",
            "module.vpc.aws_subnet.public",
            "module.vpc.aws_vpc.this",
            "module.vpc.aws_vpc_ipv4_cidr_block_association.this"
          ]
        }
      ]
    },
    {
      "module": "module.vpc",
      "mode": "managed",
      "type": "aws_subnet",
      "name": "database",
      "provider": "provider[\"registry.terraform.io/hashicorp/aws\"]",
      "instances": [
        {
          "index_key": 0,
          "schema_version": 1,
          "attributes": {
            "arn": "arn:aws:ec2:us-east-1:216435170778:subnet/subnet-0bb7e15fab1272385",
            "assign_ipv6_address_on_creation": false,
            "availability_zone": "us-east-1a",
            "availability_zone_id": "use1-az4",
            "cidr_block": "10.0.151.0/24",
            "customer_owned_ipv4_pool": "",
            "enable_dns64": false,
            "enable_resource_name_dns_a_record_on_launch": false,
            "enable_resource_name_dns_aaaa_record_on_launch": false,
            "id": "subnet-0bb7e15fab1272385",
            "ipv6_cidr_block": "",
            "ipv6_cidr_block_association_id": "",
            "ipv6_native": false,
            "map_customer_owned_ip_on_launch": false,
            "map_public_ip_on_launch": false,
            "outpost_arn": "",
            "owner_id": "216435170778",
            "private_dns_hostname_type_on_launch": "ip-name",
            "tags": {
              "Division": "JGP",
              "Environment": "Prd",
              "Name": "Divyansh-JGP-Prd-VPC",
              "Owner": "Divyansh",
              "Type": "Database Subnet"
            },
            "tags_all": {
              "Division": "JGP",
              "Environment": "Prd",
              "Name": "Divyansh-JGP-Prd-VPC",
              "Owner": "Divyansh",
              "Type": "Database Subnet"
            },
            "timeouts": null,
            "vpc_id": "vpc-0885056e06351409e"
          },
          "sensitive_attributes": [],
          "private": "eyJlMmJmYjczMC1lY2FhLTExZTYtOGY4OC0zNDM2M2JjN2M0YzAiOnsiY3JlYXRlIjo2MDAwMDAwMDAwMDAsImRlbGV0ZSI6MTIwMDAwMDAwMDAwMH0sInNjaGVtYV92ZXJzaW9uIjoiMSJ9",
          "dependencies": [
            "module.vpc.aws_vpc.this",
            "module.vpc.aws_vpc_ipv4_cidr_block_association.this"
          ]
        },
        {
          "index_key": 1,
          "schema_version": 1,
          "attributes": {
            "arn": "arn:aws:ec2:us-east-1:216435170778:subnet/subnet-03b22a643663c6536",
            "assign_ipv6_address_on_creation": false,
            "availability_zone": "us-east-1b",
            "availability_zone_id": "use1-az6",
            "cidr_block": "10.0.152.0/24",
            "customer_owned_ipv4_pool": "",
            "enable_dns64": false,
            "enable_resource_name_dns_a_record_on_launch": false,
            "enable_resource_name_dns_aaaa_record_on_launch": false,
            "id": "subnet-03b22a643663c6536",
            "ipv6_cidr_block": "",
            "ipv6_cidr_block_association_id": "",
            "ipv6_native": false,
            "map_customer_owned_ip_on_launch": false,
            "map_public_ip_on_launch": false,
            "outpost_arn": "",
            "owner_id": "216435170778",
            "private_dns_hostname_type_on_launch": "ip-name",
            "tags": {
              "Division": "JGP",
              "Environment": "Prd",
              "Name": "Divyansh-JGP-Prd-VPC",
              "Owner": "Divyansh",
              "Type": "Database Subnet"
            },
            "tags_all": {
              "Division": "JGP",
              "Environment": "Prd",
              "Name": "Divyansh-JGP-Prd-VPC",
              "Owner": "Divyansh",
              "Type": "Database Subnet"
            },
            "timeouts": null,
            "vpc_id": "vpc-0885056e06351409e"
          },
          "sensitive_attributes": [],
          "private": "eyJlMmJmYjczMC1lY2FhLTExZTYtOGY4OC0zNDM2M2JjN2M0YzAiOnsiY3JlYXRlIjo2MDAwMDAwMDAwMDAsImRlbGV0ZSI6MTIwMDAwMDAwMDAwMH0sInNjaGVtYV92ZXJzaW9uIjoiMSJ9",
          "dependencies": [
            "module.vpc.aws_vpc.this",
            "module.vpc.aws_vpc_ipv4_cidr_block_association.this"
          ]
        }
      ]
    },
    {
      "module": "module.vpc",
      "mode": "managed",
      "type": "aws_subnet",
      "name": "private",
      "provider": "provider[\"registry.terraform.io/hashicorp/aws\"]",
      "instances": [
        {
          "index_key": 0,
          "schema_version": 1,
          "attributes": {
            "arn": "arn:aws:ec2:us-east-1:216435170778:subnet/subnet-05a967d19a6f4c236",
            "assign_ipv6_address_on_creation": false,
            "availability_zone": "us-east-1a",
            "availability_zone_id": "use1-az4",
            "cidr_block": "10.0.1.0/24",
            "customer_owned_ipv4_pool": "",
            "enable_dns64": false,
            "enable_resource_name_dns_a_record_on_launch": false,
            "enable_resource_name_dns_aaaa_record_on_launch": false,
            "id": "subnet-05a967d19a6f4c236",
            "ipv6_cidr_block": "",
            "ipv6_cidr_block_association_id": "",
            "ipv6_native": false,
            "map_customer_owned_ip_on_launch": false,
            "map_public_ip_on_launch": false,
            "outpost_arn": "",
            "owner_id": "216435170778",
            "private_dns_hostname_type_on_launch": "ip-name",
            "tags": {
              "Division": "JGP",
              "Environment": "Prd",
              "Name": "Divyansh-JGP-Prd-VPC",
              "Owner": "Divyansh",
              "Type": "Private Subnet"
            },
            "tags_all": {
              "Division": "JGP",
              "Environment": "Prd",
              "Name": "Divyansh-JGP-Prd-VPC",
              "Owner": "Divyansh",
              "Type": "Private Subnet"
            },
            "timeouts": null,
            "vpc_id": "vpc-0885056e06351409e"
          },
          "sensitive_attributes": [],
          "private": "eyJlMmJmYjczMC1lY2FhLTExZTYtOGY4OC0zNDM2M2JjN2M0YzAiOnsiY3JlYXRlIjo2MDAwMDAwMDAwMDAsImRlbGV0ZSI6MTIwMDAwMDAwMDAwMH0sInNjaGVtYV92ZXJzaW9uIjoiMSJ9",
          "dependencies": [
            "module.vpc.aws_vpc.this",
            "module.vpc.aws_vpc_ipv4_cidr_block_association.this"
          ],
          "create_before_destroy": true
        },
        {
          "index_key": 1,
          "schema_version": 1,
          "attributes": {
            "arn": "arn:aws:ec2:us-east-1:216435170778:subnet/subnet-03263fc9b99d93e8a",
            "assign_ipv6_address_on_creation": false,
            "availability_zone": "us-east-1b",
            "availability_zone_id": "use1-az6",
            "cidr_block": "10.0.2.0/24",
            "customer_owned_ipv4_pool": "",
            "enable_dns64": false,
            "enable_resource_name_dns_a_record_on_launch": false,
            "enable_resource_name_dns_aaaa_record_on_launch": false,
            "id": "subnet-03263fc9b99d93e8a",
            "ipv6_cidr_block": "",
            "ipv6_cidr_block_association_id": "",
            "ipv6_native": false,
            "map_customer_owned_ip_on_launch": false,
            "map_public_ip_on_launch": false,
            "outpost_arn": "",
            "owner_id": "216435170778",
            "private_dns_hostname_type_on_launch": "ip-name",
            "tags": {
              "Division": "JGP",
              "Environment": "Prd",
              "Name": "Divyansh-JGP-Prd-VPC",
              "Owner": "Divyansh",
              "Type": "Private Subnet"
            },
            "tags_all": {
              "Division": "JGP",
              "Environment": "Prd",
              "Name": "Divyansh-JGP-Prd-VPC",
              "Owner": "Divyansh",
              "Type": "Private Subnet"
            },
            "timeouts": null,
            "vpc_id": "vpc-0885056e06351409e"
          },
          "sensitive_attributes": [],
          "private": "eyJlMmJmYjczMC1lY2FhLTExZTYtOGY4OC0zNDM2M2JjN2M0YzAiOnsiY3JlYXRlIjo2MDAwMDAwMDAwMDAsImRlbGV0ZSI6MTIwMDAwMDAwMDAwMH0sInNjaGVtYV92ZXJzaW9uIjoiMSJ9",
          "dependencies": [
            "module.vpc.aws_vpc.this",
            "module.vpc.aws_vpc_ipv4_cidr_block_association.this"
          ],
          "create_before_destroy": true
        }
      ]
    },
    {
      "module": "module.vpc",
      "mode": "managed",
      "type": "aws_subnet",
      "name": "public",
      "provider": "provider[\"registry.terraform.io/hashicorp/aws\"]",
      "instances": [
        {
          "index_key": 0,
          "schema_version": 1,
          "attributes": {
            "arn": "arn:aws:ec2:us-east-1:216435170778:subnet/subnet-01866697ec6886a7a",
            "assign_ipv6_address_on_creation": false,
            "availability_zone": "us-east-1a",
            "availability_zone_id": "use1-az4",
            "cidr_block": "10.0.101.0/24",
            "customer_owned_ipv4_pool": "",
            "enable_dns64": false,
            "enable_resource_name_dns_a_record_on_launch": false,
            "enable_resource_name_dns_aaaa_record_on_launch": false,
            "id": "subnet-01866697ec6886a7a",
            "ipv6_cidr_block": "",
            "ipv6_cidr_block_association_id": "",
            "ipv6_native": false,
            "map_customer_owned_ip_on_launch": false,
            "map_public_ip_on_launch": true,
            "outpost_arn": "",
            "owner_id": "216435170778",
            "private_dns_hostname_type_on_launch": "ip-name",
            "tags": {
              "Division": "JGP",
              "Environment": "Prd",
              "Name": "Divyansh-JGP-Prd-VPC",
              "Owner": "Divyansh",
              "Type": "Public Subnet"
            },
            "tags_all": {
              "Division": "JGP",
              "Environment": "Prd",
              "Name": "Divyansh-JGP-Prd-VPC",
              "Owner": "Divyansh",
              "Type": "Public Subnet"
            },
            "timeouts": null,
            "vpc_id": "vpc-0885056e06351409e"
          },
          "sensitive_attributes": [],
          "private": "eyJlMmJmYjczMC1lY2FhLTExZTYtOGY4OC0zNDM2M2JjN2M0YzAiOnsiY3JlYXRlIjo2MDAwMDAwMDAwMDAsImRlbGV0ZSI6MTIwMDAwMDAwMDAwMH0sInNjaGVtYV92ZXJzaW9uIjoiMSJ9",
          "dependencies": [
            "module.vpc.aws_vpc.this",
            "module.vpc.aws_vpc_ipv4_cidr_block_association.this"
          ]
        },
        {
          "index_key": 1,
          "schema_version": 1,
          "attributes": {
            "arn": "arn:aws:ec2:us-east-1:216435170778:subnet/subnet-062d7915efe2bf3e7",
            "assign_ipv6_address_on_creation": false,
            "availability_zone": "us-east-1b",
            "availability_zone_id": "use1-az6",
            "cidr_block": "10.0.102.0/24",
            "customer_owned_ipv4_pool": "",
            "enable_dns64": false,
            "enable_resource_name_dns_a_record_on_launch": false,
            "enable_resource_name_dns_aaaa_record_on_launch": false,
            "id": "subnet-062d7915efe2bf3e7",
            "ipv6_cidr_block": "",
            "ipv6_cidr_block_association_id": "",
            "ipv6_native": false,
            "map_customer_owned_ip_on_launch": false,
            "map_public_ip_on_launch": true,
            "outpost_arn": "",
            "owner_id": "216435170778",
            "private_dns_hostname_type_on_launch": "ip-name",
            "tags": {
              "Division": "JGP",
              "Environment": "Prd",
              "Name": "Divyansh-JGP-Prd-VPC",
              "Owner": "Divyansh",
              "Type": "Public Subnet"
            },
            "tags_all": {
              "Division": "JGP",
              "Environment": "Prd",
              "Name": "Divyansh-JGP-Prd-VPC",
              "Owner": "Divyansh",
              "Type": "Public Subnet"
            },
            "timeouts": null,
            "vpc_id": "vpc-0885056e06351409e"
          },
          "sensitive_attributes": [],
          "private": "eyJlMmJmYjczMC1lY2FhLTExZTYtOGY4OC0zNDM2M2JjN2M0YzAiOnsiY3JlYXRlIjo2MDAwMDAwMDAwMDAsImRlbGV0ZSI6MTIwMDAwMDAwMDAwMH0sInNjaGVtYV92ZXJzaW9uIjoiMSJ9",
          "dependencies": [
            "module.vpc.aws_vpc.this",
            "module.vpc.aws_vpc_ipv4_cidr_block_association.this"
          ]
        }
      ]
    },
    {
      "module": "module.vpc",
      "mode": "managed",
      "type": "aws_vpc",
      "name": "this",
      "provider": "provider[\"registry.terraform.io/hashicorp/aws\"]",
      "instances": [
        {
          "index_key": 0,
          "schema_version": 1,
          "attributes": {
            "arn": "arn:aws:ec2:us-east-1:216435170778:vpc/vpc-0885056e06351409e",
            "assign_generated_ipv6_cidr_block": false,
            "cidr_block": "10.0.0.0/16",
            "default_network_acl_id": "acl-0aed28d128127b8ed",
            "default_route_table_id": "rtb-02a56c95c27e3e417",
            "default_security_group_id": "sg-00cc1b567d59cb640",
            "dhcp_options_id": "dopt-0a290577eae2aea02",
            "enable_classiclink": false,
            "enable_classiclink_dns_support": false,
            "enable_dns_hostnames": true,
            "enable_dns_support": true,
            "id": "vpc-0885056e06351409e",
            "instance_tenancy": "default",
            "ipv4_ipam_pool_id": null,
            "ipv4_netmask_length": null,
            "ipv6_association_id": "",
            "ipv6_cidr_block": "",
            "ipv6_cidr_block_network_border_group": "",
            "ipv6_ipam_pool_id": "",
            "ipv6_netmask_length": 0,
            "main_route_table_id": "rtb-02a56c95c27e3e417",
            "owner_id": "216435170778",
            "tags": {
              "Division": "JGP",
              "Environment": "Prd",
              "Name": "Divyansh-JGP-Prd-VPC",
              "Owner": "Divyansh"
            },
            "tags_all": {
              "Division": "JGP",
              "Environment": "Prd",
              "Name": "Divyansh-JGP-Prd-VPC",
              "Owner": "Divyansh"
            }
          },
          "sensitive_attributes": [],
          "private": "eyJzY2hlbWFfdmVyc2lvbiI6IjEifQ==",
          "create_before_destroy": true
        }
      ]
    }
  ]
}
